
Microsoft Visual Studio Solution File, Format Version 12.00
# Visual Studio 15
VisualStudioVersion = 15.0.28307.329
MinimumVisualStudioVersion = 10.0.40219.1
Project("{9A19103F-16F7-4668-BE54-9A1E7A4F7556}") = "Lottery.Infrastructure", "Lottery.Infrastructure\Lottery.Infrastructure.csproj", "{33611569-83E3-42A7-9E5E-FD547C67B642}"
EndProject
Project("{FAE04EC0-301F-11D3-BF4B-00C04F79EFBC}") = "Lottery.WebApi", "Lottery.WebApi\Lottery.WebApi.csproj", "{AF14048B-81CF-4CD1-B60B-A6875D4E6DAF}"
EndProject
Global
	GlobalSection(SolutionConfigurationPlatforms) = preSolution
		Debug|Any CPU = Debug|Any CPU
		Release|Any CPU = Release|Any CPU
	EndGlobalSection
	GlobalSection(ProjectConfigurationPlatforms) = postSolution
		{33611569-83E3-42A7-9E5E-FD547C67B642}.Debug|Any CPU.ActiveCfg = Debug|Any CPU
		{33611569-83E3-42A7-9E5E-FD547C67B642}.Debug|Any CPU.Build.0 = Debug|Any CPU
		{33611569-83E3-42A7-9E5E-FD547C67B642}.Release|Any CPU.ActiveCfg = Release|Any CPU
		{33611569-83E3-42A7-9E5E-FD547C67B642}.Release|Any CPU.Build.0 = Release|Any CPU
		{AF14048B-81CF-4CD1-B60B-A6875D4E6DAF}.Debug|Any CPU.ActiveCfg = Debug|Any CPU
		{AF14048B-81CF-4CD1-B60B-A6875D4E6DAF}.Debug|Any CPU.Build.0 = Debug|Any CPU
		{AF14048B-81CF-4CD1-B60B-A6875D4E6DAF}.Release|Any CPU.ActiveCfg = Release|Any CPU
		{AF14048B-81CF-4CD1-B60B-A6875D4E6DAF}.Release|Any CPU.Build.0 = Release|Any CPU
	EndGlobalSection
	GlobalSection(SolutionProperties) = preSolution
		HideSolutionNode = FALSE
	EndGlobalSection
	GlobalSection(ExtensibilityGlobals) = postSolution
		SolutionGuid = {C1CB74A8-18E2-495B-88F5-71415642326F}
	EndGlobalSection
EndGlobal
